<?xml version="1.0" encoding="utf-8"?>
<Project ToolsVersion="4.0" xmlns="http://schemas.microsoft.com/developer/msbuild/2003">
  <ItemGroup>
    <Filter Include="Fichiers sources">
      <UniqueIdentifier>{4FC737F1-C7A5-4376-A066-2A32D752A2FF}</UniqueIdentifier>
      <Extensions>cpp;c;cc;cxx;c++;cppm;ixx;def;odl;idl;hpj;bat;asm;asmx</Extensions>
    </Filter>
    <Filter Include="Fichiers de ressources">
      <UniqueIdentifier>{67DA6AB6-F800-4c08-8B7A-83BB121AAD01}</UniqueIdentifier>
      <Extensions>rc;ico;cur;bmp;dlg;rc2;rct;bin;rgs;gif;jpg;jpeg;jpe;resx;tiff;tif;png;wav;mfcribbon-ms</Extensions>
    </Filter>
    <Filter Include="Fichiers de ressources\Fichiers d%27en-tête">
      <UniqueIdentifier>{93995380-89BD-4b04-88EB-625FBE52EBFB}</UniqueIdentifier>
      <Extensions>h;hh;hpp;hxx;h++;hm;inl;inc;ipp;xsd</Extensions>
    </Filter>
    <Filter Include="components">
      <UniqueIdentifier>{e0d503ef-44b9-46a5-86a5-2eb7b80d057a}</UniqueIdentifier>
    </Filter>
    <Filter Include="ihm">
      <UniqueIdentifier>{7185a97c-c71e-4353-adc7-c34feed805f1}</UniqueIdentifier>
    </Filter>
    <Filter Include="services">
      <UniqueIdentifier>{bb0b2088-a01a-4984-b1a7-4085df66ee26}</UniqueIdentifier>
    </Filter>
  </ItemGroup>
  <ItemGroup>
    <ClCompile Include="GameOfLife.cpp">
      <Filter>services</Filter>
    </ClCompile>
    <ClCompile Include="ConsoleRender.cpp">
      <Filter>ihm</Filter>
    </ClCompile>
    <ClCompile Include="Render.cpp">
      <Filter>ihm</Filter>
    </ClCompile>
    <ClCompile Include="SFMLRender.cpp">
      <Filter>ihm</Filter>
    </ClCompile>
    <ClCompile Include="Cell.cpp">
      <Filter>components</Filter>
    </ClCompile>
    <ClCompile Include="Grid.cpp">
      <Filter>components</Filter>
    </ClCompile>
    <ClCompile Include="main.cpp" />
  </ItemGroup>
  <ItemGroup>
    <ClInclude Include="GameOfLife.hpp">
      <Filter>services</Filter>
    </ClInclude>
    <ClInclude Include="SFMLRender.hpp">
      <Filter>ihm</Filter>
    </ClInclude>
    <ClInclude Include="Render.hpp">
      <Filter>ihm</Filter>
    </ClInclude>
    <ClInclude Include="ConsoleRender.hpp">
      <Filter>ihm</Filter>
    </ClInclude>
    <ClInclude Include="Grid.hpp">
      <Filter>components</Filter>
    </ClInclude>
    <ClInclude Include="Cell.hpp">
      <Filter>components</Filter>
    </ClInclude>
  </ItemGroup>
  <ItemGroup>
    <Text Include="initial_state.txt" />
  </ItemGroup>
</Project>